{
  "requires": true,
  "lockfileVersion": 1,
  "dependencies": {
    "html5-qrcode": {
      "version": "2.0.11",
      "resolved": "https://registry.npmjs.org/html5-qrcode/-/html5-qrcode-2.0.11.tgz",
      "integrity": "sha512-cCrVOK2yJGPGSTjchqRhkBJIrxvojEwF/pDKLNxmTH1wiAsVc61ZnIqyApIVyNfn5dKRFax70Qpr7pZwbUNiUw=="
    }
  }
}
